
Microsoft Visual Studio Solution File, Format Version 12.00
# Visual Studio Version 17
VisualStudioVersion = 17.0.31903.59
MinimumVisualStudioVersion = 10.0.40219.1
Project("{FAE04EC0-301F-11D3-BF4B-00C04F79EFBC}") = "ViatorLife.Blog", "src\ViatorLife.Blog\ViatorLife.Blog.csproj", "{1455BDE8-B2C3-443B-8AD3-DB688893D713}"
EndProject
Project("{2150E333-8FDC-42A3-9474-1A3956D46DE8}") = "src", "src", "{A55CB80A-0783-4AD0-9D53-D88448D970C3}"
EndProject
Project("{FAE04EC0-301F-11D3-BF4B-00C04F79EFBC}") = "ViatorLife.Blog.Api", "src\ViatorLife.Blog.Api\ViatorLife.Blog.Api.csproj", "{4B062FA3-7B10-4D46-ACFD-C92C021ECC21}"
EndProject
Global
	GlobalSection(SolutionConfigurationPlatforms) = preSolution
		Debug|Any CPU = Debug|Any CPU
		Release|Any CPU = Release|Any CPU
	EndGlobalSection
	GlobalSection(ProjectConfigurationPlatforms) = postSolution
		{1455BDE8-B2C3-443B-8AD3-DB688893D713}.Debug|Any CPU.ActiveCfg = Debug|Any CPU
		{1455BDE8-B2C3-443B-8AD3-DB688893D713}.Debug|Any CPU.Build.0 = Debug|Any CPU
		{1455BDE8-B2C3-443B-8AD3-DB688893D713}.Release|Any CPU.ActiveCfg = Release|Any CPU
		{1455BDE8-B2C3-443B-8AD3-DB688893D713}.Release|Any CPU.Build.0 = Release|Any CPU
		{4B062FA3-7B10-4D46-ACFD-C92C021ECC21}.Debug|Any CPU.ActiveCfg = Debug|Any CPU
		{4B062FA3-7B10-4D46-ACFD-C92C021ECC21}.Debug|Any CPU.Build.0 = Debug|Any CPU
		{4B062FA3-7B10-4D46-ACFD-C92C021ECC21}.Release|Any CPU.ActiveCfg = Release|Any CPU
		{4B062FA3-7B10-4D46-ACFD-C92C021ECC21}.Release|Any CPU.Build.0 = Release|Any CPU
	EndGlobalSection
	GlobalSection(SolutionProperties) = preSolution
		HideSolutionNode = FALSE
	EndGlobalSection
	GlobalSection(NestedProjects) = preSolution
		{1455BDE8-B2C3-443B-8AD3-DB688893D713} = {A55CB80A-0783-4AD0-9D53-D88448D970C3}
		{4B062FA3-7B10-4D46-ACFD-C92C021ECC21} = {A55CB80A-0783-4AD0-9D53-D88448D970C3}
	EndGlobalSection
	GlobalSection(ExtensibilityGlobals) = postSolution
		SolutionGuid = {593512AA-8A81-4758-B7BF-E1AA9907FF2B}
	EndGlobalSection
EndGlobal
